
Microsoft Visual Studio Solution File, Format Version 12.00
# Visual Studio 15
VisualStudioVersion = 15.0.28307.168
MinimumVisualStudioVersion = 10.0.40219.1
Project("{FAE04EC0-301F-11D3-BF4B-00C04F79EFBC}") = "ChatRoomSingleton", "ChatRoomSingleton\ChatRoomSingleton.csproj", "{C8018EF6-5C09-470F-B6ED-2535931D1342}"
EndProject
Global
	GlobalSection(SolutionConfigurationPlatforms) = preSolution
		Debug|Any CPU = Debug|Any CPU
		Release|Any CPU = Release|Any CPU
	EndGlobalSection
	GlobalSection(ProjectConfigurationPlatforms) = postSolution
		{C8018EF6-5C09-470F-B6ED-2535931D1342}.Debug|Any CPU.ActiveCfg = Debug|Any CPU
		{C8018EF6-5C09-470F-B6ED-2535931D1342}.Debug|Any CPU.Build.0 = Debug|Any CPU
		{C8018EF6-5C09-470F-B6ED-2535931D1342}.Release|Any CPU.ActiveCfg = Release|Any CPU
		{C8018EF6-5C09-470F-B6ED-2535931D1342}.Release|Any CPU.Build.0 = Release|Any CPU
	EndGlobalSection
	GlobalSection(SolutionProperties) = preSolution
		HideSolutionNode = FALSE
	EndGlobalSection
	GlobalSection(ExtensibilityGlobals) = postSolution
		SolutionGuid = {D9E729A9-2819-4F8A-A9C5-CF22A7E895E7}
	EndGlobalSection
EndGlobal
